# THIS IS AN AUTOGENERATED FILE. DO NOT EDIT THIS FILE DIRECTLY.
# yarn lockfile v1


ws@^8.0.0:
  version "8.0.0"
  resolved "https://registry.yarnpkg.com/ws/-/ws-8.0.0.tgz#550605d13dfc1437c9ec1396975709c6d7ffc57d"
  integrity sha512-6AcSIXpBlS0QvCVKk+3cWnWElLsA6SzC0lkQ43ciEglgXJXiCWK3/CGFEJ+Ybgp006CMibamAsqOlxE9s4AvYA==
